
Microsoft Visual Studio Solution File, Format Version 12.00
# Visual Studio 14
VisualStudioVersion = 14.0.25420.1
MinimumVisualStudioVersion = 10.0.40219.1
Project("{2150E333-8FDC-42A3-9474-1A3956D46DE8}") = "src", "src", "{9EA55D2A-DE25-4610-B66F-559223FB22F6}"
EndProject
Project("{2150E333-8FDC-42A3-9474-1A3956D46DE8}") = "data", "data", "{57E6CB0A-E9FF-464D-A026-A10C9826E910}"
EndProject
Project("{8BB2217D-0F2D-49D1-97BC-3654ED321F3B}") = "BackendService.DAL", "BackendService\src\data\BackendService.DAL\BackendService.DAL.xproj", "{4D5B3DD9-6FBA-4C16-9BB0-5DDA7E405B92}"
EndProject
Project("{8BB2217D-0F2D-49D1-97BC-3654ED321F3B}") = "BackendService.Entities", "BackendService\src\data\BackendService.Entities\BackendService.Entities.xproj", "{9DAED41B-3EED-42A4-891E-580744415953}"
EndProject
Project("{2150E333-8FDC-42A3-9474-1A3956D46DE8}") = "webApi", "webApi", "{984FDA2E-F8BE-4EF9-B48F-6E4A17AB1633}"
EndProject
Project("{8BB2217D-0F2D-49D1-97BC-3654ED321F3B}") = "BackendService.WebApi", "BackendService\src\webApi\BackendService.WebApi\BackendService.WebApi.xproj", "{C9ED452B-C72D-4337-8FC2-B072EA224BC1}"
EndProject
Project("{2150E333-8FDC-42A3-9474-1A3956D46DE8}") = "test", "test", "{39342719-2028-4FDB-A172-EDDDEF01C5E0}"
EndProject
Project("{8BB2217D-0F2D-49D1-97BC-3654ED321F3B}") = "BackendService.Data.Test", "BackendService\test\BackendService.Data.Test\BackendService.Data.Test.xproj", "{54A41D67-28B4-4074-8B6A-92D2BDACFF2C}"
EndProject
Project("{8BB2217D-0F2D-49D1-97BC-3654ED321F3B}") = "BackendService.WebApi.Test", "BackendService\test\BackendService.WebApi.Test\BackendService.WebApi.Test.xproj", "{B8F56782-40DA-4BAE-AB85-A522184ADFB9}"
EndProject
Project("{2150E333-8FDC-42A3-9474-1A3956D46DE8}") = "Solution Items", "Solution Items", "{F0C9F263-8947-44F8-9340-EDCABCF9E3CF}"
	ProjectSection(SolutionItems) = preProject
		global.json = global.json
	EndProjectSection
EndProject
Global
	GlobalSection(SolutionConfigurationPlatforms) = preSolution
		Debug|Any CPU = Debug|Any CPU
		Release|Any CPU = Release|Any CPU
	EndGlobalSection
	GlobalSection(ProjectConfigurationPlatforms) = postSolution
		{4D5B3DD9-6FBA-4C16-9BB0-5DDA7E405B92}.Debug|Any CPU.ActiveCfg = Debug|Any CPU
		{4D5B3DD9-6FBA-4C16-9BB0-5DDA7E405B92}.Debug|Any CPU.Build.0 = Debug|Any CPU
		{4D5B3DD9-6FBA-4C16-9BB0-5DDA7E405B92}.Release|Any CPU.ActiveCfg = Release|Any CPU
		{4D5B3DD9-6FBA-4C16-9BB0-5DDA7E405B92}.Release|Any CPU.Build.0 = Release|Any CPU
		{9DAED41B-3EED-42A4-891E-580744415953}.Debug|Any CPU.ActiveCfg = Debug|Any CPU
		{9DAED41B-3EED-42A4-891E-580744415953}.Debug|Any CPU.Build.0 = Debug|Any CPU
		{9DAED41B-3EED-42A4-891E-580744415953}.Release|Any CPU.ActiveCfg = Release|Any CPU
		{9DAED41B-3EED-42A4-891E-580744415953}.Release|Any CPU.Build.0 = Release|Any CPU
		{C9ED452B-C72D-4337-8FC2-B072EA224BC1}.Debug|Any CPU.ActiveCfg = Debug|Any CPU
		{C9ED452B-C72D-4337-8FC2-B072EA224BC1}.Debug|Any CPU.Build.0 = Debug|Any CPU
		{C9ED452B-C72D-4337-8FC2-B072EA224BC1}.Release|Any CPU.ActiveCfg = Release|Any CPU
		{C9ED452B-C72D-4337-8FC2-B072EA224BC1}.Release|Any CPU.Build.0 = Release|Any CPU
		{54A41D67-28B4-4074-8B6A-92D2BDACFF2C}.Debug|Any CPU.ActiveCfg = Debug|Any CPU
		{54A41D67-28B4-4074-8B6A-92D2BDACFF2C}.Debug|Any CPU.Build.0 = Debug|Any CPU
		{54A41D67-28B4-4074-8B6A-92D2BDACFF2C}.Release|Any CPU.ActiveCfg = Release|Any CPU
		{54A41D67-28B4-4074-8B6A-92D2BDACFF2C}.Release|Any CPU.Build.0 = Release|Any CPU
		{B8F56782-40DA-4BAE-AB85-A522184ADFB9}.Debug|Any CPU.ActiveCfg = Debug|Any CPU
		{B8F56782-40DA-4BAE-AB85-A522184ADFB9}.Debug|Any CPU.Build.0 = Debug|Any CPU
		{B8F56782-40DA-4BAE-AB85-A522184ADFB9}.Release|Any CPU.ActiveCfg = Release|Any CPU
		{B8F56782-40DA-4BAE-AB85-A522184ADFB9}.Release|Any CPU.Build.0 = Release|Any CPU
	EndGlobalSection
	GlobalSection(SolutionProperties) = preSolution
		HideSolutionNode = FALSE
	EndGlobalSection
	GlobalSection(NestedProjects) = preSolution
		{57E6CB0A-E9FF-464D-A026-A10C9826E910} = {9EA55D2A-DE25-4610-B66F-559223FB22F6}
		{4D5B3DD9-6FBA-4C16-9BB0-5DDA7E405B92} = {57E6CB0A-E9FF-464D-A026-A10C9826E910}
		{9DAED41B-3EED-42A4-891E-580744415953} = {57E6CB0A-E9FF-464D-A026-A10C9826E910}
		{984FDA2E-F8BE-4EF9-B48F-6E4A17AB1633} = {9EA55D2A-DE25-4610-B66F-559223FB22F6}
		{C9ED452B-C72D-4337-8FC2-B072EA224BC1} = {984FDA2E-F8BE-4EF9-B48F-6E4A17AB1633}
		{54A41D67-28B4-4074-8B6A-92D2BDACFF2C} = {39342719-2028-4FDB-A172-EDDDEF01C5E0}
		{B8F56782-40DA-4BAE-AB85-A522184ADFB9} = {39342719-2028-4FDB-A172-EDDDEF01C5E0}
	EndGlobalSection
EndGlobal
