
Microsoft Visual Studio Solution File, Format Version 12.00
# Visual Studio 14
VisualStudioVersion = 14.0.25420.1
MinimumVisualStudioVersion = 10.0.40219.1
Project("{2150E333-8FDC-42A3-9474-1A3956D46DE8}") = "src", "src", "{61824402-9937-4CBC-A824-7AB9C7D1C00C}"
EndProject
Project("{2150E333-8FDC-42A3-9474-1A3956D46DE8}") = "Solution Items", "Solution Items", "{5E251875-04FD-440D-958E-DC622C2CE174}"
	ProjectSection(SolutionItems) = preProject
		global.json = global.json
	EndProjectSection
EndProject
Project("{8BB2217D-0F2D-49D1-97BC-3654ED321F3B}") = "TestingMoqAbstract", "src\TestingMoqAbstract\TestingMoqAbstract.xproj", "{307267FA-4EF6-4A6C-A6F8-E127CF8B3AD2}"
EndProject
Project("{8BB2217D-0F2D-49D1-97BC-3654ED321F3B}") = "Test", "src\Test\Test.xproj", "{10D06BD7-596F-4408-BF5E-8AFD8F70A436}"
EndProject
Global
	GlobalSection(SolutionConfigurationPlatforms) = preSolution
		Debug|Any CPU = Debug|Any CPU
		Release|Any CPU = Release|Any CPU
	EndGlobalSection
	GlobalSection(ProjectConfigurationPlatforms) = postSolution
		{307267FA-4EF6-4A6C-A6F8-E127CF8B3AD2}.Debug|Any CPU.ActiveCfg = Debug|Any CPU
		{307267FA-4EF6-4A6C-A6F8-E127CF8B3AD2}.Debug|Any CPU.Build.0 = Debug|Any CPU
		{307267FA-4EF6-4A6C-A6F8-E127CF8B3AD2}.Release|Any CPU.ActiveCfg = Release|Any CPU
		{307267FA-4EF6-4A6C-A6F8-E127CF8B3AD2}.Release|Any CPU.Build.0 = Release|Any CPU
		{10D06BD7-596F-4408-BF5E-8AFD8F70A436}.Debug|Any CPU.ActiveCfg = Debug|Any CPU
		{10D06BD7-596F-4408-BF5E-8AFD8F70A436}.Debug|Any CPU.Build.0 = Debug|Any CPU
		{10D06BD7-596F-4408-BF5E-8AFD8F70A436}.Release|Any CPU.ActiveCfg = Release|Any CPU
		{10D06BD7-596F-4408-BF5E-8AFD8F70A436}.Release|Any CPU.Build.0 = Release|Any CPU
	EndGlobalSection
	GlobalSection(SolutionProperties) = preSolution
		HideSolutionNode = FALSE
	EndGlobalSection
	GlobalSection(NestedProjects) = preSolution
		{307267FA-4EF6-4A6C-A6F8-E127CF8B3AD2} = {61824402-9937-4CBC-A824-7AB9C7D1C00C}
		{10D06BD7-596F-4408-BF5E-8AFD8F70A436} = {61824402-9937-4CBC-A824-7AB9C7D1C00C}
	EndGlobalSection
EndGlobal
