
Microsoft Visual Studio Solution File, Format Version 12.00
# Visual Studio 14
VisualStudioVersion = 14.0.25420.1
MinimumVisualStudioVersion = 10.0.40219.1
Project("{8BB2217D-0F2D-49D1-97BC-3654ED321F3B}") = "LINQLijstQueriesTesten", "LINQLijstQueriesTesten\LINQLijstQueriesTesten.xproj", "{015F86B3-2327-410C-8843-6D0747275B55}"
EndProject
Project("{8BB2217D-0F2D-49D1-97BC-3654ED321F3B}") = "LINQLijst", "LINQLijst\LINQLijst.xproj", "{A3654614-395E-4557-A06B-2BE267DC2B63}"
EndProject
Global
	GlobalSection(SolutionConfigurationPlatforms) = preSolution
		Debug|Any CPU = Debug|Any CPU
		Release|Any CPU = Release|Any CPU
	EndGlobalSection
	GlobalSection(ProjectConfigurationPlatforms) = postSolution
		{015F86B3-2327-410C-8843-6D0747275B55}.Debug|Any CPU.ActiveCfg = Debug|Any CPU
		{015F86B3-2327-410C-8843-6D0747275B55}.Debug|Any CPU.Build.0 = Debug|Any CPU
		{015F86B3-2327-410C-8843-6D0747275B55}.Release|Any CPU.ActiveCfg = Release|Any CPU
		{015F86B3-2327-410C-8843-6D0747275B55}.Release|Any CPU.Build.0 = Release|Any CPU
		{A3654614-395E-4557-A06B-2BE267DC2B63}.Debug|Any CPU.ActiveCfg = Debug|Any CPU
		{A3654614-395E-4557-A06B-2BE267DC2B63}.Debug|Any CPU.Build.0 = Debug|Any CPU
		{A3654614-395E-4557-A06B-2BE267DC2B63}.Release|Any CPU.ActiveCfg = Release|Any CPU
		{A3654614-395E-4557-A06B-2BE267DC2B63}.Release|Any CPU.Build.0 = Release|Any CPU
	EndGlobalSection
	GlobalSection(SolutionProperties) = preSolution
		HideSolutionNode = FALSE
	EndGlobalSection
EndGlobal
