
Microsoft Visual Studio Solution File, Format Version 12.00
# Visual Studio 14
VisualStudioVersion = 14.0.25420.1
MinimumVisualStudioVersion = 10.0.40219.1
Project("{8BB2217D-0F2D-49D1-97BC-3654ED321F3B}") = "TemplateCoreClassLibrary", "Minor.Dag16.Blog\TemplateCoreClassLibrary\TemplateCoreClassLibrary.xproj", "{F35E27E8-A80E-4017-9055-6414A2F7AF44}"
EndProject
Project("{8BB2217D-0F2D-49D1-97BC-3654ED321F3B}") = "TemplateCoreConsoleApplication.Test", "Minor.Dag16.Blog\TemplateCoreConsoleApplication.Test\TemplateCoreConsoleApplication.Test.xproj", "{F81E6A41-E78E-4E22-B0FD-26B4E232CB19}"
EndProject
Global
	GlobalSection(SolutionConfigurationPlatforms) = preSolution
		Debug|Any CPU = Debug|Any CPU
		Release|Any CPU = Release|Any CPU
	EndGlobalSection
	GlobalSection(ProjectConfigurationPlatforms) = postSolution
		{F35E27E8-A80E-4017-9055-6414A2F7AF44}.Debug|Any CPU.ActiveCfg = Debug|Any CPU
		{F35E27E8-A80E-4017-9055-6414A2F7AF44}.Debug|Any CPU.Build.0 = Debug|Any CPU
		{F35E27E8-A80E-4017-9055-6414A2F7AF44}.Release|Any CPU.ActiveCfg = Release|Any CPU
		{F35E27E8-A80E-4017-9055-6414A2F7AF44}.Release|Any CPU.Build.0 = Release|Any CPU
		{F81E6A41-E78E-4E22-B0FD-26B4E232CB19}.Debug|Any CPU.ActiveCfg = Debug|Any CPU
		{F81E6A41-E78E-4E22-B0FD-26B4E232CB19}.Debug|Any CPU.Build.0 = Debug|Any CPU
		{F81E6A41-E78E-4E22-B0FD-26B4E232CB19}.Release|Any CPU.ActiveCfg = Release|Any CPU
		{F81E6A41-E78E-4E22-B0FD-26B4E232CB19}.Release|Any CPU.Build.0 = Release|Any CPU
	EndGlobalSection
	GlobalSection(SolutionProperties) = preSolution
		HideSolutionNode = FALSE
	EndGlobalSection
EndGlobal
