
Microsoft Visual Studio Solution File, Format Version 12.00
# Visual Studio 14
VisualStudioVersion = 14.0.25420.1
MinimumVisualStudioVersion = 10.0.40219.1
Project("{2150E333-8FDC-42A3-9474-1A3956D46DE8}") = "Domain", "Domain", "{8C71F859-2826-4DF9-8381-71ED8F48D100}"
EndProject
Project("{2150E333-8FDC-42A3-9474-1A3956D46DE8}") = "Infrastructuur", "Infrastructuur", "{A9B2D3B0-32CA-4562-A377-A9F58EEBFC28}"
EndProject
Project("{2150E333-8FDC-42A3-9474-1A3956D46DE8}") = "Facade", "Facade", "{2A2F2502-C0AB-43FF-BFD5-BF1952E88694}"
EndProject
Project("{2150E333-8FDC-42A3-9474-1A3956D46DE8}") = "Incoming", "Incoming", "{C6BDFF91-4348-4027-B2D4-0D7C0A00B310}"
EndProject
Project("{2150E333-8FDC-42A3-9474-1A3956D46DE8}") = "Outgoing", "Outgoing", "{9C3F5DFE-0B03-4DAE-B310-BCCF6D88AD1A}"
EndProject
Project("{2150E333-8FDC-42A3-9474-1A3956D46DE8}") = "source", "source", "{2AEB53B2-E34A-4EE2-B13A-15842523946C}"
EndProject
Project("{2150E333-8FDC-42A3-9474-1A3956D46DE8}") = "Test", "Test", "{7A38653B-1C94-4D97-9B00-3626C8D96A9A}"
EndProject
Project("{2150E333-8FDC-42A3-9474-1A3956D46DE8}") = "Domain.Test", "Domain.Test", "{079C8337-E3C6-46D2-A421-EF816E41A69B}"
EndProject
Project("{2150E333-8FDC-42A3-9474-1A3956D46DE8}") = "Facade.Test", "Facade.Test", "{13ADA75A-980E-4F86-8E46-298069B824E2}"
EndProject
Project("{2150E333-8FDC-42A3-9474-1A3956D46DE8}") = "Infrastructuur.Test", "Infrastructuur.Test", "{27CB98DA-36E2-4286-AE0D-60F119C9731C}"
EndProject
Project("{2150E333-8FDC-42A3-9474-1A3956D46DE8}") = "Commands", "Commands", "{3B784B1B-9C7A-4735-A82A-303200D09AA4}"
EndProject
Project("{2150E333-8FDC-42A3-9474-1A3956D46DE8}") = "Events", "Events", "{8EEA071E-A54E-4261-B3AB-9064E551086D}"
EndProject
Project("{2150E333-8FDC-42A3-9474-1A3956D46DE8}") = "Commands", "Commands", "{3CB0BB6C-498E-4963-904C-2330FD7C0766}"
EndProject
Project("{2150E333-8FDC-42A3-9474-1A3956D46DE8}") = "Events", "Events", "{896A0C0F-8724-49F2-B76A-A65F797BE63B}"
EndProject
Project("{8BB2217D-0F2D-49D1-97BC-3654ED321F3B}") = "Minor.Dag33.GameAdministrationService.Domain", "Minor.Dag33.GameAdministrationService.Domain\Minor.Dag33.GameAdministrationService.Domain.xproj", "{54BF778F-71FE-48E1-8A92-0BEED312BC9E}"
EndProject
Project("{8BB2217D-0F2D-49D1-97BC-3654ED321F3B}") = "Minor.Dag33.GameAdministrationService.Infrastructure", "Minor.Dag33.GameAdministrationService.Infrastructure\Minor.Dag33.GameAdministrationService.Infrastructure.xproj", "{279BF23E-8645-44E8-BFF8-81745D399080}"
EndProject
Project("{8BB2217D-0F2D-49D1-97BC-3654ED321F3B}") = "Minor.Dag33.GameAdministrationService.Domain.Test", "Minor.Dag33.GameAdministrationService.Domain.Test\Minor.Dag33.GameAdministrationService.Domain.Test.xproj", "{D2FF73ED-2D15-488D-AA63-E975A1C52DF3}"
EndProject
Project("{8BB2217D-0F2D-49D1-97BC-3654ED321F3B}") = "Minor.Dag33.GameAdministrationService.Facade.Test", "Minor.Dag33.GameAdministrationService.Facade.Test\Minor.Dag33.GameAdministrationService.Facade.Test.xproj", "{0D45370F-E707-4EA9-9F3C-8F0615AA6703}"
EndProject
Project("{8BB2217D-0F2D-49D1-97BC-3654ED321F3B}") = "Minor.Dag33.GameAdministrationService.Infrastructure.Test", "Minor.Dag33.GameAdministrationService.Infrastructure.Test\Minor.Dag33.GameAdministrationService.Infrastructure.Test.xproj", "{0FD03865-E650-43BE-96C6-E32B04B60382}"
EndProject
Project("{8BB2217D-0F2D-49D1-97BC-3654ED321F3B}") = "Minor.Dag33.GameAdministrationService.Outgoing", "Minor.Dag33.GameAdministrationService.Outgoing\Minor.Dag33.GameAdministrationService.Outgoing.xproj", "{85D20EA8-8EAC-4FB0-BE0D-4A0A790C167D}"
EndProject
Project("{8BB2217D-0F2D-49D1-97BC-3654ED321F3B}") = "Minor.Dag33.GameAdministrationService.Incoming", "Minor.Dag33.GameAdministrationService.Incoming\Minor.Dag33.GameAdministrationService.Incoming.xproj", "{02E81813-A660-4E7C-83CD-21BB1CE15D00}"
EndProject
Project("{8BB2217D-0F2D-49D1-97BC-3654ED321F3B}") = "Minor.Dag33.GameAdministrationService.FacadeAPI", "Minor.Dag33.GameAdministrationService.FacadeAPI\Minor.Dag33.GameAdministrationService.FacadeAPI.xproj", "{13DE8B11-96F7-43F2-804E-B0E1B04D22F2}"
EndProject
Global
	GlobalSection(SolutionConfigurationPlatforms) = preSolution
		Debug|Any CPU = Debug|Any CPU
		Release|Any CPU = Release|Any CPU
	EndGlobalSection
	GlobalSection(ProjectConfigurationPlatforms) = postSolution
		{54BF778F-71FE-48E1-8A92-0BEED312BC9E}.Debug|Any CPU.ActiveCfg = Debug|Any CPU
		{54BF778F-71FE-48E1-8A92-0BEED312BC9E}.Debug|Any CPU.Build.0 = Debug|Any CPU
		{54BF778F-71FE-48E1-8A92-0BEED312BC9E}.Release|Any CPU.ActiveCfg = Release|Any CPU
		{54BF778F-71FE-48E1-8A92-0BEED312BC9E}.Release|Any CPU.Build.0 = Release|Any CPU
		{279BF23E-8645-44E8-BFF8-81745D399080}.Debug|Any CPU.ActiveCfg = Debug|Any CPU
		{279BF23E-8645-44E8-BFF8-81745D399080}.Debug|Any CPU.Build.0 = Debug|Any CPU
		{279BF23E-8645-44E8-BFF8-81745D399080}.Release|Any CPU.ActiveCfg = Release|Any CPU
		{279BF23E-8645-44E8-BFF8-81745D399080}.Release|Any CPU.Build.0 = Release|Any CPU
		{D2FF73ED-2D15-488D-AA63-E975A1C52DF3}.Debug|Any CPU.ActiveCfg = Debug|Any CPU
		{D2FF73ED-2D15-488D-AA63-E975A1C52DF3}.Debug|Any CPU.Build.0 = Debug|Any CPU
		{D2FF73ED-2D15-488D-AA63-E975A1C52DF3}.Release|Any CPU.ActiveCfg = Release|Any CPU
		{D2FF73ED-2D15-488D-AA63-E975A1C52DF3}.Release|Any CPU.Build.0 = Release|Any CPU
		{0D45370F-E707-4EA9-9F3C-8F0615AA6703}.Debug|Any CPU.ActiveCfg = Debug|Any CPU
		{0D45370F-E707-4EA9-9F3C-8F0615AA6703}.Debug|Any CPU.Build.0 = Debug|Any CPU
		{0D45370F-E707-4EA9-9F3C-8F0615AA6703}.Release|Any CPU.ActiveCfg = Release|Any CPU
		{0D45370F-E707-4EA9-9F3C-8F0615AA6703}.Release|Any CPU.Build.0 = Release|Any CPU
		{0FD03865-E650-43BE-96C6-E32B04B60382}.Debug|Any CPU.ActiveCfg = Debug|Any CPU
		{0FD03865-E650-43BE-96C6-E32B04B60382}.Debug|Any CPU.Build.0 = Debug|Any CPU
		{0FD03865-E650-43BE-96C6-E32B04B60382}.Release|Any CPU.ActiveCfg = Release|Any CPU
		{0FD03865-E650-43BE-96C6-E32B04B60382}.Release|Any CPU.Build.0 = Release|Any CPU
		{85D20EA8-8EAC-4FB0-BE0D-4A0A790C167D}.Debug|Any CPU.ActiveCfg = Debug|Any CPU
		{85D20EA8-8EAC-4FB0-BE0D-4A0A790C167D}.Debug|Any CPU.Build.0 = Debug|Any CPU
		{85D20EA8-8EAC-4FB0-BE0D-4A0A790C167D}.Release|Any CPU.ActiveCfg = Release|Any CPU
		{85D20EA8-8EAC-4FB0-BE0D-4A0A790C167D}.Release|Any CPU.Build.0 = Release|Any CPU
		{02E81813-A660-4E7C-83CD-21BB1CE15D00}.Debug|Any CPU.ActiveCfg = Debug|Any CPU
		{02E81813-A660-4E7C-83CD-21BB1CE15D00}.Debug|Any CPU.Build.0 = Debug|Any CPU
		{02E81813-A660-4E7C-83CD-21BB1CE15D00}.Release|Any CPU.ActiveCfg = Release|Any CPU
		{02E81813-A660-4E7C-83CD-21BB1CE15D00}.Release|Any CPU.Build.0 = Release|Any CPU
		{13DE8B11-96F7-43F2-804E-B0E1B04D22F2}.Debug|Any CPU.ActiveCfg = Debug|Any CPU
		{13DE8B11-96F7-43F2-804E-B0E1B04D22F2}.Debug|Any CPU.Build.0 = Debug|Any CPU
		{13DE8B11-96F7-43F2-804E-B0E1B04D22F2}.Release|Any CPU.ActiveCfg = Release|Any CPU
		{13DE8B11-96F7-43F2-804E-B0E1B04D22F2}.Release|Any CPU.Build.0 = Release|Any CPU
	EndGlobalSection
	GlobalSection(SolutionProperties) = preSolution
		HideSolutionNode = FALSE
	EndGlobalSection
	GlobalSection(NestedProjects) = preSolution
		{8C71F859-2826-4DF9-8381-71ED8F48D100} = {2AEB53B2-E34A-4EE2-B13A-15842523946C}
		{A9B2D3B0-32CA-4562-A377-A9F58EEBFC28} = {2AEB53B2-E34A-4EE2-B13A-15842523946C}
		{2A2F2502-C0AB-43FF-BFD5-BF1952E88694} = {2AEB53B2-E34A-4EE2-B13A-15842523946C}
		{C6BDFF91-4348-4027-B2D4-0D7C0A00B310} = {2AEB53B2-E34A-4EE2-B13A-15842523946C}
		{9C3F5DFE-0B03-4DAE-B310-BCCF6D88AD1A} = {2AEB53B2-E34A-4EE2-B13A-15842523946C}
		{079C8337-E3C6-46D2-A421-EF816E41A69B} = {7A38653B-1C94-4D97-9B00-3626C8D96A9A}
		{13ADA75A-980E-4F86-8E46-298069B824E2} = {7A38653B-1C94-4D97-9B00-3626C8D96A9A}
		{27CB98DA-36E2-4286-AE0D-60F119C9731C} = {7A38653B-1C94-4D97-9B00-3626C8D96A9A}
		{3B784B1B-9C7A-4735-A82A-303200D09AA4} = {9C3F5DFE-0B03-4DAE-B310-BCCF6D88AD1A}
		{8EEA071E-A54E-4261-B3AB-9064E551086D} = {9C3F5DFE-0B03-4DAE-B310-BCCF6D88AD1A}
		{3CB0BB6C-498E-4963-904C-2330FD7C0766} = {C6BDFF91-4348-4027-B2D4-0D7C0A00B310}
		{896A0C0F-8724-49F2-B76A-A65F797BE63B} = {C6BDFF91-4348-4027-B2D4-0D7C0A00B310}
		{54BF778F-71FE-48E1-8A92-0BEED312BC9E} = {8C71F859-2826-4DF9-8381-71ED8F48D100}
		{279BF23E-8645-44E8-BFF8-81745D399080} = {A9B2D3B0-32CA-4562-A377-A9F58EEBFC28}
		{D2FF73ED-2D15-488D-AA63-E975A1C52DF3} = {079C8337-E3C6-46D2-A421-EF816E41A69B}
		{0D45370F-E707-4EA9-9F3C-8F0615AA6703} = {13ADA75A-980E-4F86-8E46-298069B824E2}
		{0FD03865-E650-43BE-96C6-E32B04B60382} = {27CB98DA-36E2-4286-AE0D-60F119C9731C}
		{85D20EA8-8EAC-4FB0-BE0D-4A0A790C167D} = {9C3F5DFE-0B03-4DAE-B310-BCCF6D88AD1A}
		{02E81813-A660-4E7C-83CD-21BB1CE15D00} = {C6BDFF91-4348-4027-B2D4-0D7C0A00B310}
		{13DE8B11-96F7-43F2-804E-B0E1B04D22F2} = {2A2F2502-C0AB-43FF-BFD5-BF1952E88694}
	EndGlobalSection
EndGlobal
