
Microsoft Visual Studio Solution File, Format Version 12.00
# Visual Studio 14
VisualStudioVersion = 14.0.25420.1
MinimumVisualStudioVersion = 10.0.40219.1
Project("{2150E333-8FDC-42A3-9474-1A3956D46DE8}") = "Src", "Src", "{B14A0E3C-2407-4BE5-9E15-AA05A8C340E7}"
EndProject
Project("{2150E333-8FDC-42A3-9474-1A3956D46DE8}") = "Test", "Test", "{84D76930-5AF2-4136-8C01-085A2B9CE814}"
EndProject
Project("{8BB2217D-0F2D-49D1-97BC-3654ED321F3B}") = "Facade.Test", "Test\Case2.MaRoWo.GarageAdministratie.Web.Test\Facade.Test.xproj", "{B21AF8F2-BF7C-42E9-82F4-295FE1F44609}"
EndProject
Project("{2150E333-8FDC-42A3-9474-1A3956D46DE8}") = "Solution Items", "Solution Items", "{5D50B658-0FB3-473A-854F-943EBF6938E3}"
	ProjectSection(SolutionItems) = preProject
		global.json = global.json
	EndProjectSection
EndProject
Project("{8BB2217D-0F2D-49D1-97BC-3654ED321F3B}") = "Facade", "Src\Case2.MaRoWo.GarageAdministratie.Facade\Facade.xproj", "{90C5F1F2-6E42-45BA-A765-A1B904805FAD}"
EndProject
Project("{8BB2217D-0F2D-49D1-97BC-3654ED321F3B}") = "Infrastructure", "Src\Case2.MaRoWo.GarageAdministratie.Infrastructure\Infrastructure.xproj", "{E3CA7DB5-4962-4F58-85B9-07A7E98A331C}"
EndProject
Project("{8BB2217D-0F2D-49D1-97BC-3654ED321F3B}") = "Infrastructure.Test", "Test\Case2.MaRoWo.GarageAdministratie.Infrastructure.Test\Infrastructure.Test.xproj", "{5B4353BB-D901-4BC4-BCF0-DEC63F97A496}"
EndProject
Global
	GlobalSection(SolutionConfigurationPlatforms) = preSolution
		Debug|Any CPU = Debug|Any CPU
		Release|Any CPU = Release|Any CPU
	EndGlobalSection
	GlobalSection(ProjectConfigurationPlatforms) = postSolution
		{B21AF8F2-BF7C-42E9-82F4-295FE1F44609}.Debug|Any CPU.ActiveCfg = Debug|Any CPU
		{B21AF8F2-BF7C-42E9-82F4-295FE1F44609}.Debug|Any CPU.Build.0 = Debug|Any CPU
		{B21AF8F2-BF7C-42E9-82F4-295FE1F44609}.Release|Any CPU.ActiveCfg = Release|Any CPU
		{B21AF8F2-BF7C-42E9-82F4-295FE1F44609}.Release|Any CPU.Build.0 = Release|Any CPU
		{90C5F1F2-6E42-45BA-A765-A1B904805FAD}.Debug|Any CPU.ActiveCfg = Debug|Any CPU
		{90C5F1F2-6E42-45BA-A765-A1B904805FAD}.Debug|Any CPU.Build.0 = Debug|Any CPU
		{90C5F1F2-6E42-45BA-A765-A1B904805FAD}.Release|Any CPU.ActiveCfg = Release|Any CPU
		{90C5F1F2-6E42-45BA-A765-A1B904805FAD}.Release|Any CPU.Build.0 = Release|Any CPU
		{E3CA7DB5-4962-4F58-85B9-07A7E98A331C}.Debug|Any CPU.ActiveCfg = Debug|Any CPU
		{E3CA7DB5-4962-4F58-85B9-07A7E98A331C}.Debug|Any CPU.Build.0 = Debug|Any CPU
		{E3CA7DB5-4962-4F58-85B9-07A7E98A331C}.Release|Any CPU.ActiveCfg = Release|Any CPU
		{E3CA7DB5-4962-4F58-85B9-07A7E98A331C}.Release|Any CPU.Build.0 = Release|Any CPU
		{5B4353BB-D901-4BC4-BCF0-DEC63F97A496}.Debug|Any CPU.ActiveCfg = Debug|Any CPU
		{5B4353BB-D901-4BC4-BCF0-DEC63F97A496}.Debug|Any CPU.Build.0 = Debug|Any CPU
		{5B4353BB-D901-4BC4-BCF0-DEC63F97A496}.Release|Any CPU.ActiveCfg = Release|Any CPU
		{5B4353BB-D901-4BC4-BCF0-DEC63F97A496}.Release|Any CPU.Build.0 = Release|Any CPU
	EndGlobalSection
	GlobalSection(SolutionProperties) = preSolution
		HideSolutionNode = FALSE
	EndGlobalSection
	GlobalSection(NestedProjects) = preSolution
		{B21AF8F2-BF7C-42E9-82F4-295FE1F44609} = {84D76930-5AF2-4136-8C01-085A2B9CE814}
		{90C5F1F2-6E42-45BA-A765-A1B904805FAD} = {B14A0E3C-2407-4BE5-9E15-AA05A8C340E7}
		{E3CA7DB5-4962-4F58-85B9-07A7E98A331C} = {B14A0E3C-2407-4BE5-9E15-AA05A8C340E7}
		{5B4353BB-D901-4BC4-BCF0-DEC63F97A496} = {84D76930-5AF2-4136-8C01-085A2B9CE814}
	EndGlobalSection
EndGlobal
